
Microsoft Visual Studio Solution File, Format Version 12.00
# Visual Studio Version 16
VisualStudioVersion = 16.0.31829.152
MinimumVisualStudioVersion = 10.0.40219.1
Project("{FAE04EC0-301F-11D3-BF4B-00C04F79EFBC}") = "Class_16_Wpf", "Class_16_Wpf\Class_16_Wpf.csproj", "{EB3096C9-98BD-42D1-AB62-08E8C35EB5E7}"
EndProject
Global
	GlobalSection(SolutionConfigurationPlatforms) = preSolution
		Debug|Any CPU = Debug|Any CPU
		Release|Any CPU = Release|Any CPU
	EndGlobalSection
	GlobalSection(ProjectConfigurationPlatforms) = postSolution
		{EB3096C9-98BD-42D1-AB62-08E8C35EB5E7}.Debug|Any CPU.ActiveCfg = Debug|Any CPU
		{EB3096C9-98BD-42D1-AB62-08E8C35EB5E7}.Debug|Any CPU.Build.0 = Debug|Any CPU
		{EB3096C9-98BD-42D1-AB62-08E8C35EB5E7}.Release|Any CPU.ActiveCfg = Release|Any CPU
		{EB3096C9-98BD-42D1-AB62-08E8C35EB5E7}.Release|Any CPU.Build.0 = Release|Any CPU
	EndGlobalSection
	GlobalSection(SolutionProperties) = preSolution
		HideSolutionNode = FALSE
	EndGlobalSection
	GlobalSection(ExtensibilityGlobals) = postSolution
		SolutionGuid = {4C1AE6D3-A398-44B7-A44F-8DA80F178CEB}
	EndGlobalSection
EndGlobal
